Microsoft Visual Studio Solution File, Format Version 12.00
# Visual Studio Version 17
VisualStudioVersion = 17.10.35027.167
MinimumVisualStudioVersion = 10.0.40219.1
Project("{FAE04EC0-301F-11D3-BF4B-00C04F79EFBC}") = "Community.PowerToys.Run.Plugin.Shlink", "Community.PowerToys.Run.Plugin.Shlink\Community.PowerToys.Run.Plugin.Shlink.csproj", "{01E0C9AA-B362-45C9-B492-5373E814169E}"
EndProject
Global
	GlobalSection(SolutionConfigurationPlatforms) = preSolution
		Debug|ARM64 = Debug|ARM64
		Debug|x64 = Debug|x64
		Release|ARM64 = Release|ARM64
		Release|x64 = Release|x64
	EndGlobalSection
	GlobalSection(ProjectConfigurationPlatforms) = postSolution
		{01E0C9AA-B362-45C9-B492-5373E814169E}.Debug|ARM64.ActiveCfg = Debug|ARM64
		{01E0C9AA-B362-45C9-B492-5373E814169E}.Debug|ARM64.Build.0 = Debug|ARM64
		{01E0C9AA-B362-45C9-B492-5373E814169E}.Debug|x64.ActiveCfg = Debug|x64
		{01E0C9AA-B362-45C9-B492-5373E814169E}.Debug|x64.Build.0 = Debug|x64
		{01E0C9AA-B362-45C9-B492-5373E814169E}.Release|ARM64.ActiveCfg = Release|ARM64
		{01E0C9AA-B362-45C9-B492-5373E814169E}.Release|ARM64.Build.0 = Release|ARM64
		{01E0C9AA-B362-45C9-B492-5373E814169E}.Release|x64.ActiveCfg = Release|x64
		{01E0C9AA-B362-45C9-B492-5373E814169E}.Release|x64.Build.0 = Release|x64
	EndGlobalSection
	GlobalSection(SolutionProperties) = preSolution
		HideSolutionNode = FALSE
	EndGlobalSection
	GlobalSection(ExtensibilityGlobals) = postSolution
		SolutionGuid = {9EB6B6F8-6B43-4E5F-B563-A5898C60B129}
	EndGlobalSection
EndGlobal
